# This file is automatically @generated by Cargo.
# It is not intended for manual editing.
version = 3

[[package]]
name = "aes"
version = "0.8.2"
source = "registry+https://github.com/rust-lang/crates.io-index"
checksum = "433cfd6710c9986c576a25ca913c39d66a6474107b406f34f91d4a8923395241"
dependencies = [
 "cfg-if",
 "cipher",
 "cpufeatures",
]

[[package]]
name = "anyhow"
version = "1.0.70"
source = "registry+https://github.com/rust-lang/crates.io-index"
checksum = "7de8ce5e0f9f8d88245311066a578d72b7af3e7088f32783804676302df237e4"

[[package]]
name = "arrayvec"
version = "0.7.2"
source = "registry+https://github.com/rust-lang/crates.io-index"
checksum = "8da52d66c7071e2e3fa2a1e5c6d088fec47b593032b254f5e980de8ea54454d6"
dependencies = [
 "serde",
]

[[package]]
name = "askama"
version = "0.11.1"
source = "registry+https://github.com/rust-lang/crates.io-index"
checksum = "fb98f10f371286b177db5eeb9a6e5396609555686a35e1d4f7b9a9c6d8af0139"
dependencies = [
 "askama_derive",
 "askama_escape",
 "askama_shared",
]

[[package]]
name = "askama_derive"
version = "0.11.2"
source = "registry+https://github.com/rust-lang/crates.io-index"
checksum = "87bf87e6e8b47264efa9bde63d6225c6276a52e05e91bf37eaa8afd0032d6b71"
dependencies = [
 "askama_shared",
 "proc-macro2",
 "syn 1.0.109",
]

[[package]]
name = "askama_escape"
version = "0.10.3"
source = "registry+https://github.com/rust-lang/crates.io-index"
checksum = "619743e34b5ba4e9703bba34deac3427c72507c7159f5fd030aea8cac0cfe341"

[[package]]
name = "askama_shared"
version = "0.12.2"
source = "registry+https://github.com/rust-lang/crates.io-index"
checksum = "bf722b94118a07fcbc6640190f247334027685d4e218b794dbfe17c32bf38ed0"
dependencies = [
 "askama_escape",
 "mime",
 "mime_guess",
 "nom",
 "proc-macro2",
 "quote",
 "serde",
 "syn 1.0.109",
 "toml",
]

[[package]]
name = "base64"
version = "0.13.1"
source = "registry+https://github.com/rust-lang/crates.io-index"
checksum = "9e1b586273c5702936fe7b7d6896644d8be71e6314cfe09d3167c95f712589e8"

[[package]]
name = "bincode"
version = "1.3.3"
source = "registry+https://github.com/rust-lang/crates.io-index"
checksum = "b1f45e9417d87227c7a56d22e471c6206462cba514c7590c09aff4cf6d1ddcad"
dependencies = [
 "serde",
]

[[package]]
name = "block-buffer"
version = "0.9.0"
source = "registry+https://github.com/rust-lang/crates.io-index"
checksum = "4152116fd6e9dadb291ae18fc1ec3575ed6d84c29642d97890f4b4a3417297e4"
dependencies = [
 "generic-array",
]

[[package]]
name = "block-buffer"
version = "0.10.4"
source = "registry+https://github.com/rust-lang/crates.io-index"
checksum = "3078c7629b62d3f0439517fa394996acacc5cbc91c5a20d8c658e77abd503a71"
dependencies = [
 "generic-array",
]

[[package]]
name = "block-padding"
version = "0.3.2"
source = "registry+https://github.com/rust-lang/crates.io-index"
checksum = "0a90ec2df9600c28a01c56c4784c9207a96d2451833aeceb8cc97e4c9548bb78"
dependencies = [
 "generic-array",
]

[[package]]
name = "bumpalo"
version = "3.12.0"
source = "registry+https://github.com/rust-lang/crates.io-index"
checksum = "0d261e256854913907f67ed06efbc3338dfe6179796deefc1ff763fc1aee5535"

[[package]]
name = "byteorder"
version = "1.4.3"
source = "registry+https://github.com/rust-lang/crates.io-index"
checksum = "14c189c53d098945499cdfa7ecc63567cf3886b3332b312a5b4585d8d3a6a610"

[[package]]
name = "bytes"
version = "1.4.0"
source = "registry+https://github.com/rust-lang/crates.io-index"
checksum = "89b2fd2a0dcf38d7971e2194b6b6eebab45ae01067456a7fd93d5547a61b70be"

[[package]]
name = "camino"
version = "1.1.4"
source = "registry+https://github.com/rust-lang/crates.io-index"
checksum = "c530edf18f37068ac2d977409ed5cd50d53d73bc653c7647b48eb78976ac9ae2"
dependencies = [
 "serde",
]

[[package]]
name = "cargo-platform"
version = "0.1.2"
source = "registry+https://github.com/rust-lang/crates.io-index"
checksum = "cbdb825da8a5df079a43676dbe042702f1707b1109f713a01420fbb4cc71fa27"
dependencies = [
 "serde",
]

[[package]]
name = "cargo_metadata"
version = "0.15.3"
source = "registry+https://github.com/rust-lang/crates.io-index"
checksum = "08a1ec454bc3eead8719cb56e15dbbfecdbc14e4b3a3ae4936cc6e31f5fc0d07"
dependencies = [
 "camino",
 "cargo-platform",
 "semver",
 "serde",
 "serde_json",
 "thiserror",
]

[[package]]
name = "cbc"
version = "0.1.2"
source = "registry+https://github.com/rust-lang/crates.io-index"
checksum = "26b52a9543ae338f279b96b0b9fed9c8093744685043739079ce85cd58f289a6"
dependencies = [
 "cipher",
]

[[package]]
name = "cfg-if"
version = "1.0.0"
source = "registry+https://github.com/rust-lang/crates.io-index"
checksum = "baf1de4339761588bc0619e3cbc0120ee582ebb74b53b4efbf79117bd2da40fd"

[[package]]
name = "cipher"
version = "0.4.4"
source = "registry+https://github.com/rust-lang/crates.io-index"
checksum = "773f3b9af64447d2ce9850330c473515014aa235e6a783b02db81ff39e4a3dad"
dependencies = [
 "crypto-common",
 "inout",
]

[[package]]
name = "console_error_panic_hook"
version = "0.1.7"
source = "registry+https://github.com/rust-lang/crates.io-index"
checksum = "a06aeb73f470f66dcdbf7223caeebb85984942f22f1adb2a088cf9668146bbbc"
dependencies = [
 "cfg-if",
 "wasm-bindgen",
]

[[package]]
name = "const-oid"
version = "0.7.1"
source = "registry+https://github.com/rust-lang/crates.io-index"
checksum = "e4c78c047431fee22c1a7bb92e00ad095a02a983affe4d8a72e2a2c62c1b94f3"

[[package]]
name = "cpufeatures"
version = "0.2.6"
source = "registry+https://github.com/rust-lang/crates.io-index"
checksum = "280a9f2d8b3a38871a3c8a46fb80db65e5e5ed97da80c4d08bf27fb63e35e181"
dependencies = [
 "libc",
]

[[package]]
name = "crypto-common"
version = "0.1.6"
source = "registry+https://github.com/rust-lang/crates.io-index"
checksum = "1bfb12502f3fc46cca1bb51ac28df9d618d813cdc3d2f25b9fe775a34af26bb3"
dependencies = [
 "generic-array",
 "typenum",
]

[[package]]
name = "curve25519-dalek"
version = "3.2.1"
source = "registry+https://github.com/rust-lang/crates.io-index"
checksum = "90f9d052967f590a76e62eb387bd0bbb1b000182c3cefe5364db6b7211651bc0"
dependencies = [
 "byteorder",
 "digest 0.9.0",
 "rand_core",
 "serde",
 "subtle",
 "zeroize",
]

[[package]]
name = "der"
version = "0.5.1"
source = "registry+https://github.com/rust-lang/crates.io-index"
checksum = "6919815d73839e7ad218de758883aae3a257ba6759ce7a9992501efbb53d705c"
dependencies = [
 "const-oid",
]

[[package]]
name = "digest"
version = "0.9.0"
source = "registry+https://github.com/rust-lang/crates.io-index"
checksum = "d3dd60d1080a57a05ab032377049e0591415d2b31afd7028356dbf3cc6dcb066"
dependencies = [
 "generic-array",
]

[[package]]
name = "digest"
version = "0.10.6"
source = "registry+https://github.com/rust-lang/crates.io-index"
checksum = "8168378f4e5023e7218c89c891c0fd8ecdb5e5e4f18cb78f38cf245dd021e76f"
dependencies = [
 "block-buffer 0.10.4",
 "crypto-common",
 "subtle",
]

[[package]]
name = "ed25519"
version = "1.5.3"
source = "registry+https://github.com/rust-lang/crates.io-index"
checksum = "91cff35c70bba8a626e3185d8cd48cc11b5437e1a5bcd15b9b5fa3c64b6dfee7"
dependencies = [
 "serde",
 "signature",
]

[[package]]
name = "ed25519-dalek"
version = "1.0.1"
source = "registry+https://github.com/rust-lang/crates.io-index"
checksum = "c762bae6dcaf24c4c84667b8579785430908723d5c889f469d76a41d59cc7a9d"
dependencies = [
 "curve25519-dalek",
 "ed25519",
 "rand",
 "serde",
 "serde_bytes",
 "sha2 0.9.9",
 "zeroize",
]

[[package]]
name = "either"
version = "1.8.1"
source = "registry+https://github.com/rust-lang/crates.io-index"
checksum = "7fcaabb2fef8c910e7f4c7ce9f67a1283a1715879a7c230ca9d6d1ae31f16d91"

[[package]]
name = "fs-err"
version = "2.9.0"
source = "registry+https://github.com/rust-lang/crates.io-index"
checksum = "0845fa252299212f0389d64ba26f34fa32cfe41588355f21ed507c59a0f64541"

[[package]]
name = "generic-array"
version = "0.14.6"
source = "registry+https://github.com/rust-lang/crates.io-index"
checksum = "bff49e947297f3312447abdca79f45f4738097cc82b06e72054d2223f601f1b9"
dependencies = [
 "typenum",
 "version_check",
]

[[package]]
name = "getrandom"
version = "0.1.16"
source = "registry+https://github.com/rust-lang/crates.io-index"
checksum = "8fc3cb4d91f53b50155bdcfd23f6a4c39ae1969c2ae85982b135750cccaf5fce"
dependencies = [
 "cfg-if",
 "libc",
 "wasi",
]

[[package]]
name = "glob"
version = "0.3.1"
source = "registry+https://github.com/rust-lang/crates.io-index"
checksum = "d2fabcfbdc87f4758337ca535fb41a6d701b65693ce38287d856d1674551ec9b"

[[package]]
name = "goblin"
version = "0.6.1"
source = "registry+https://github.com/rust-lang/crates.io-index"
checksum = "0d6b4de4a8eb6c46a8c77e1d3be942cb9a8bf073c22374578e5ba4b08ed0ff68"
dependencies = [
 "log",
 "plain",
 "scroll",
]

[[package]]
name = "heck"
version = "0.4.1"
source = "registry+https://github.com/rust-lang/crates.io-index"
checksum = "95505c38b4572b2d910cecb0281560f54b440a19336cbbcb27bf6ce6adc6f5a8"

[[package]]
name = "hkdf"
version = "0.12.3"
source = "registry+https://github.com/rust-lang/crates.io-index"
checksum = "791a029f6b9fc27657f6f188ec6e5e43f6911f6f878e0dc5501396e09809d437"
dependencies = [
 "hmac",
]

[[package]]
name = "hmac"
version = "0.12.1"
source = "registry+https://github.com/rust-lang/crates.io-index"
checksum = "6c49c37c09c17a53d937dfbb742eb3a961d65a994e6bcdcf37e7399d0cc8ab5e"
dependencies = [
 "digest 0.10.6",
]

[[package]]
name = "inout"
version = "0.1.3"
source = "registry+https://github.com/rust-lang/crates.io-index"
checksum = "a0c10553d664a4d0bcff9f4215d0aac67a639cc68ef660840afe309b807bc9f5"
dependencies = [
 "block-padding",
 "generic-array",
]

[[package]]
name = "itertools"
version = "0.10.5"
source = "registry+https://github.com/rust-lang/crates.io-index"
checksum = "b0fd2260e829bddf4cb6ea802289de2f86d6a7a690192fbe91b3f46e0f2c8473"
dependencies = [
 "either",
]

[[package]]
name = "itoa"
version = "1.0.6"
source = "registry+https://github.com/rust-lang/crates.io-index"
checksum = "453ad9f582a441959e5f0d088b02ce04cfe8d51a8eaf077f12ac6d3e94164ca6"

[[package]]
name = "libc"
version = "0.2.140"
source = "registry+https://github.com/rust-lang/crates.io-index"
checksum = "99227334921fae1a979cf0bfdfcc6b3e5ce376ef57e16fb6fb3ea2ed6095f80c"

[[package]]
name = "log"
version = "0.4.17"
source = "registry+https://github.com/rust-lang/crates.io-index"
checksum = "abb12e687cfb44aa40f41fc3978ef76448f9b6038cad6aef4259d3c095a2382e"
dependencies = [
 "cfg-if",
]

[[package]]
name = "memchr"
version = "2.5.0"
source = "registry+https://github.com/rust-lang/crates.io-index"
checksum = "2dffe52ecf27772e601905b7522cb4ef790d2cc203488bbd0e2fe85fcb74566d"

[[package]]
name = "mime"
version = "0.3.17"
source = "registry+https://github.com/rust-lang/crates.io-index"
checksum = "6877bb514081ee2a7ff5ef9de3281f14a4dd4bceac4c09388074a6b5df8a139a"

[[package]]
name = "mime_guess"
version = "2.0.4"
source = "registry+https://github.com/rust-lang/crates.io-index"
checksum = "4192263c238a5f0d0c6bfd21f336a313a4ce1c450542449ca191bb657b4642ef"
dependencies = [
 "mime",
 "unicase",
]

[[package]]
name = "minimal-lexical"
version = "0.2.1"
source = "registry+https://github.com/rust-lang/crates.io-index"
checksum = "68354c5c6bd36d73ff3feceb05efa59b6acb7626617f4962be322a825e61f79a"

[[package]]
name = "nom"
version = "7.1.3"
source = "registry+https://github.com/rust-lang/crates.io-index"
checksum = "d273983c5a657a70a3e8f2a01329822f3b8c8172b73826411a55751e404a0a4a"
dependencies = [
 "memchr",
 "minimal-lexical",
]

[[package]]
name = "once_cell"
version = "1.17.1"
source = "registry+https://github.com/rust-lang/crates.io-index"
checksum = "b7e5500299e16ebb147ae15a00a942af264cf3688f47923b8fc2cd5858f23ad3"

[[package]]
name = "opaque-debug"
version = "0.3.0"
source = "registry+https://github.com/rust-lang/crates.io-index"
checksum = "624a8340c38c1b80fd549087862da4ba43e08858af025b236e509b6649fc13d5"

[[package]]
name = "paste"
version = "1.0.12"
source = "registry+https://github.com/rust-lang/crates.io-index"
checksum = "9f746c4065a8fa3fe23974dd82f15431cc8d40779821001404d10d2e79ca7d79"

[[package]]
name = "pkcs7"
version = "0.3.0"
source = "registry+https://github.com/rust-lang/crates.io-index"
checksum = "1f7364e6d0e236473de91e042395d71e0e64715f99a60620b014a4a4c7d1619b"
dependencies = [
 "der",
 "spki",
]

[[package]]
name = "plain"
version = "0.2.3"
source = "registry+https://github.com/rust-lang/crates.io-index"
checksum = "b4596b6d070b27117e987119b4dac604f3c58cfb0b191112e24771b2faeac1a6"

[[package]]
name = "ppv-lite86"
version = "0.2.17"
source = "registry+https://github.com/rust-lang/crates.io-index"
checksum = "5b40af805b3121feab8a3c29f04d8ad262fa8e0561883e7653e024ae4479e6de"

[[package]]
name = "proc-macro2"
version = "1.0.54"
source = "registry+https://github.com/rust-lang/crates.io-index"
checksum = "e472a104799c74b514a57226160104aa483546de37e839ec50e3c2e41dd87534"
dependencies = [
 "unicode-ident",
]

[[package]]
name = "prost"
version = "0.11.8"
source = "registry+https://github.com/rust-lang/crates.io-index"
checksum = "e48e50df39172a3e7eb17e14642445da64996989bc212b583015435d39a58537"
dependencies = [
 "bytes",
 "prost-derive",
]

[[package]]
name = "prost-derive"
version = "0.11.8"
source = "registry+https://github.com/rust-lang/crates.io-index"
checksum = "4ea9b0f8cbe5e15a8a042d030bd96668db28ecb567ec37d691971ff5731d2b1b"
dependencies = [
 "anyhow",
 "itertools",
 "proc-macro2",
 "quote",
 "syn 1.0.109",
]

[[package]]
name = "quote"
version = "1.0.26"
source = "registry+https://github.com/rust-lang/crates.io-index"
checksum = "4424af4bf778aae2051a77b60283332f386554255d722233d09fbfc7e30da2fc"
dependencies = [
 "proc-macro2",
]

[[package]]
name = "rand"
version = "0.7.3"
source = "registry+https://github.com/rust-lang/crates.io-index"
checksum = "6a6b1679d49b24bbfe0c803429aa1874472f50d9b363131f0e89fc356b544d03"
dependencies = [
 "getrandom",
 "libc",
 "rand_chacha",
 "rand_core",
 "rand_hc",
]

[[package]]
name = "rand_chacha"
version = "0.2.2"
source = "registry+https://github.com/rust-lang/crates.io-index"
checksum = "f4c8ed856279c9737206bf725bf36935d8666ead7aa69b52be55af369d193402"
dependencies = [
 "ppv-lite86",
 "rand_core",
]

[[package]]
name = "rand_core"
version = "0.5.1"
source = "registry+https://github.com/rust-lang/crates.io-index"
checksum = "90bde5296fc891b0cef12a6d03ddccc162ce7b2aff54160af9338f8d40df6d19"
dependencies = [
 "getrandom",
]

[[package]]
name = "rand_hc"
version = "0.2.0"
source = "registry+https://github.com/rust-lang/crates.io-index"
checksum = "ca3129af7b92a17112d59ad498c6f81eaf463253766b90396d39ea7a39d6613c"
dependencies = [
 "rand_core",
]

[[package]]
name = "ryu"
version = "1.0.13"
source = "registry+https://github.com/rust-lang/crates.io-index"
checksum = "f91339c0467de62360649f8d3e185ca8de4224ff281f66000de5eb2a77a79041"

[[package]]
name = "scroll"
version = "0.11.0"
source = "registry+https://github.com/rust-lang/crates.io-index"
checksum = "04c565b551bafbef4157586fa379538366e4385d42082f255bfd96e4fe8519da"
dependencies = [
 "scroll_derive",
]

[[package]]
name = "scroll_derive"
version = "0.11.0"
source = "registry+https://github.com/rust-lang/crates.io-index"
checksum = "bdbda6ac5cd1321e724fa9cee216f3a61885889b896f073b8f82322789c5250e"
dependencies = [
 "proc-macro2",
 "quote",
 "syn 1.0.109",
]

[[package]]
name = "semver"
version = "1.0.17"
source = "registry+https://github.com/rust-lang/crates.io-index"
checksum = "bebd363326d05ec3e2f532ab7660680f3b02130d780c299bca73469d521bc0ed"
dependencies = [
 "serde",
]

[[package]]
name = "serde"
version = "1.0.158"
source = "registry+https://github.com/rust-lang/crates.io-index"
checksum = "771d4d9c4163ee138805e12c710dd365e4f44be8be0503cb1bb9eb989425d9c9"
dependencies = [
 "serde_derive",
]

[[package]]
name = "serde_bytes"
version = "0.11.9"
source = "registry+https://github.com/rust-lang/crates.io-index"
checksum = "416bda436f9aab92e02c8e10d49a15ddd339cea90b6e340fe51ed97abb548294"
dependencies = [
 "serde",
]

[[package]]
name = "serde_derive"
version = "1.0.158"
source = "registry+https://github.com/rust-lang/crates.io-index"
checksum = "e801c1712f48475582b7696ac71e0ca34ebb30e09338425384269d9717c62cad"
dependencies = [
 "proc-macro2",
 "quote",
 "syn 2.0.10",
]

[[package]]
name = "serde_json"
version = "1.0.95"
source = "registry+https://github.com/rust-lang/crates.io-index"
checksum = "d721eca97ac802aa7777b701877c8004d950fc142651367300d21c1cc0194744"
dependencies = [
 "itoa",
 "ryu",
 "serde",
]

[[package]]
name = "sha2"
version = "0.9.9"
source = "registry+https://github.com/rust-lang/crates.io-index"
checksum = "4d58a1e1bf39749807d89cf2d98ac2dfa0ff1cb3faa38fbb64dd88ac8013d800"
dependencies = [
 "block-buffer 0.9.0",
 "cfg-if",
 "cpufeatures",
 "digest 0.9.0",
 "opaque-debug",
]

[[package]]
name = "sha2"
version = "0.10.6"
source = "registry+https://github.com/rust-lang/crates.io-index"
checksum = "82e6b795fe2e3b1e845bafcb27aa35405c4d47cdfc92af5fc8d3002f76cebdc0"
dependencies = [
 "cfg-if",
 "cpufeatures",
 "digest 0.10.6",
]

[[package]]
name = "signature"
version = "1.6.4"
source = "registry+https://github.com/rust-lang/crates.io-index"
checksum = "74233d3b3b2f6d4b006dc19dee745e73e2a6bfb6f93607cd3b02bd5b00797d7c"

[[package]]
name = "siphasher"
version = "0.3.10"
source = "registry+https://github.com/rust-lang/crates.io-index"
checksum = "7bd3e3206899af3f8b12af284fafc038cc1dc2b41d1b89dd17297221c5d225de"

[[package]]
name = "spki"
version = "0.5.4"
source = "registry+https://github.com/rust-lang/crates.io-index"
checksum = "44d01ac02a6ccf3e07db148d2be087da624fea0221a16152ed01f0496a6b0a27"
dependencies = [
 "der",
]

[[package]]
name = "static_assertions"
version = "1.1.0"
source = "registry+https://github.com/rust-lang/crates.io-index"
checksum = "a2eb9349b6444b326872e140eb1cf5e7c522154d69e7a0ffb0fb81c06b37543f"

[[package]]
name = "subtle"
version = "2.4.1"
source = "registry+https://github.com/rust-lang/crates.io-index"
checksum = "6bdef32e8150c2a081110b42772ffe7d7c9032b606bc226c8260fd97e0976601"

[[package]]
name = "syn"
version = "1.0.109"
source = "registry+https://github.com/rust-lang/crates.io-index"
checksum = "72b64191b275b66ffe2469e8af2c1cfe3bafa67b529ead792a6d0160888b4237"
dependencies = [
 "proc-macro2",
 "quote",
 "unicode-ident",
]

[[package]]
name = "syn"
version = "2.0.10"
source = "registry+https://github.com/rust-lang/crates.io-index"
checksum = "5aad1363ed6d37b84299588d62d3a7d95b5a5c2d9aad5c85609fda12afaa1f40"
dependencies = [
 "proc-macro2",
 "quote",
 "unicode-ident",
]

[[package]]
name = "thiserror"
version = "1.0.40"
source = "registry+https://github.com/rust-lang/crates.io-index"
checksum = "978c9a314bd8dc99be594bc3c175faaa9794be04a5a5e153caba6915336cebac"
dependencies = [
 "thiserror-impl",
]

[[package]]
name = "thiserror-impl"
version = "1.0.40"
source = "registry+https://github.com/rust-lang/crates.io-index"
checksum = "f9456a42c5b0d803c8cd86e73dd7cc9edd429499f37a3550d286d5e86720569f"
dependencies = [
 "proc-macro2",
 "quote",
 "syn 2.0.10",
]

[[package]]
name = "toml"
version = "0.5.11"
source = "registry+https://github.com/rust-lang/crates.io-index"
checksum = "f4f7f0dd8d50a853a531c426359045b1998f04219d88799810762cd4ad314234"
dependencies = [
 "serde",
]

[[package]]
name = "typenum"
version = "1.16.0"
source = "registry+https://github.com/rust-lang/crates.io-index"
checksum = "497961ef93d974e23eb6f433eb5fe1b7930b659f06d12dec6fc44a8f554c0bba"

[[package]]
name = "unicase"
version = "2.6.0"
source = "registry+https://github.com/rust-lang/crates.io-index"
checksum = "50f37be617794602aabbeee0be4f259dc1778fabe05e2d67ee8f79326d5cb4f6"
dependencies = [
 "version_check",
]

[[package]]
name = "unicode-ident"
version = "1.0.8"
source = "registry+https://github.com/rust-lang/crates.io-index"
checksum = "e5464a87b239f13a63a501f2701565754bae92d243d4bb7eb12f6d57d2269bf4"

[[package]]
name = "uniffi"
version = "0.23.0"
source = "registry+https://github.com/rust-lang/crates.io-index"
checksum = "f71cc01459bc34cfe43fabf32b39f1228709bc6db1b3a664a92940af3d062376"
dependencies = [
 "anyhow",
 "uniffi_build",
 "uniffi_core",
 "uniffi_macros",
]

[[package]]
name = "uniffi_bindgen"
version = "0.23.0"
source = "registry+https://github.com/rust-lang/crates.io-index"
checksum = "dbbba5103051c18f10b22f80a74439ddf7100273f217a547005d2735b2498994"
dependencies = [
 "anyhow",
 "askama",
 "bincode",
 "camino",
 "fs-err",
 "glob",
 "goblin",
 "heck",
 "once_cell",
 "paste",
 "serde",
 "serde_json",
 "toml",
 "uniffi_meta",
 "uniffi_testing",
 "weedle2",
]

[[package]]
name = "uniffi_build"
version = "0.23.0"
source = "registry+https://github.com/rust-lang/crates.io-index"
checksum = "0ee1a28368ff3d83717e3d3e2e15a66269c43488c3f036914131bb68892f29fb"
dependencies = [
 "anyhow",
 "camino",
 "uniffi_bindgen",
]

[[package]]
name = "uniffi_checksum_derive"
version = "0.23.0"
source = "registry+https://github.com/rust-lang/crates.io-index"
checksum = "03de61393a42b4ad4984a3763c0600594ac3e57e5aaa1d05cede933958987c03"
dependencies = [
 "quote",
 "syn 1.0.109",
]

[[package]]
name = "uniffi_core"
version = "0.23.0"
source = "registry+https://github.com/rust-lang/crates.io-index"
checksum = "7a2b4852d638d74ca2d70e450475efb6d91fe6d54a7cd8d6bd80ad2ee6cd7daa"
dependencies = [
 "anyhow",
 "bytes",
 "camino",
 "cargo_metadata",
 "log",
 "once_cell",
 "paste",
 "static_assertions",
]

[[package]]
name = "uniffi_macros"
version = "0.23.0"
source = "registry+https://github.com/rust-lang/crates.io-index"
checksum = "fa03394de21e759e0022f1ea8d992d2e39290d735b9ed52b1f74b20a684f794e"
dependencies = [
 "bincode",
 "camino",
 "fs-err",
 "once_cell",
 "proc-macro2",
 "quote",
 "serde",
 "syn 1.0.109",
 "toml",
 "uniffi_build",
 "uniffi_meta",
]

[[package]]
name = "uniffi_meta"
version = "0.23.0"
source = "registry+https://github.com/rust-lang/crates.io-index"
checksum = "66fdab2c436aed7a6391bec64204ec33948bfed9b11b303235740771f85c4ea6"
dependencies = [
 "serde",
 "siphasher",
 "uniffi_checksum_derive",
]

[[package]]
name = "uniffi_testing"
version = "0.23.0"
source = "registry+https://github.com/rust-lang/crates.io-index"
checksum = "92b0570953ec41d97ce23e3b92161ac18231670a1f97523258a6d2ab76d7f76c"
dependencies = [
 "anyhow",
 "camino",
 "cargo_metadata",
 "fs-err",
 "once_cell",
 "serde",
 "serde_json",
]

[[package]]
name = "version_check"
version = "0.9.4"
source = "registry+https://github.com/rust-lang/crates.io-index"
checksum = "49874b5167b65d7193b8aba1567f5c7d93d001cafc34600cee003eda787e483f"

[[package]]
name = "vodozemac"
version = "0.3.0"
source = "registry+https://github.com/rust-lang/crates.io-index"
checksum = "f6f20153a1c82ac5f1243b62e80f067ae608facc415c6ef82f88426a61c79886"
dependencies = [
 "aes",
 "arrayvec",
 "base64",
 "cbc",
 "ed25519-dalek",
 "hkdf",
 "hmac",
 "pkcs7",
 "prost",
 "rand",
 "serde",
 "serde_json",
 "sha2 0.10.6",
 "subtle",
 "thiserror",
 "x25519-dalek",
 "zeroize",
]

[[package]]
name = "wasi"
version = "0.9.0+wasi-snapshot-preview1"
source = "registry+https://github.com/rust-lang/crates.io-index"
checksum = "cccddf32554fecc6acb585f82a32a72e28b48f8c4c1883ddfeeeaa96f7d8e519"

[[package]]
name = "wasm-bindgen"
version = "0.2.84"
source = "registry+https://github.com/rust-lang/crates.io-index"
checksum = "31f8dcbc21f30d9b8f2ea926ecb58f6b91192c17e9d33594b3df58b2007ca53b"
dependencies = [
 "cfg-if",
 "wasm-bindgen-macro",
]

[[package]]
name = "wasm-bindgen-backend"
version = "0.2.84"
source = "registry+https://github.com/rust-lang/crates.io-index"
checksum = "95ce90fd5bcc06af55a641a86428ee4229e44e07033963a2290a8e241607ccb9"
dependencies = [
 "bumpalo",
 "log",
 "once_cell",
 "proc-macro2",
 "quote",
 "syn 1.0.109",
 "wasm-bindgen-shared",
]

[[package]]
name = "wasm-bindgen-macro"
version = "0.2.84"
source = "registry+https://github.com/rust-lang/crates.io-index"
checksum = "4c21f77c0bedc37fd5dc21f897894a5ca01e7bb159884559461862ae90c0b4c5"
dependencies = [
 "quote",
 "wasm-bindgen-macro-support",
]

[[package]]
name = "wasm-bindgen-macro-support"
version = "0.2.84"
source = "registry+https://github.com/rust-lang/crates.io-index"
checksum = "2aff81306fcac3c7515ad4e177f521b5c9a15f2b08f4e32d823066102f35a5f6"
dependencies = [
 "proc-macro2",
 "quote",
 "syn 1.0.109",
 "wasm-bindgen-backend",
 "wasm-bindgen-shared",
]

[[package]]
name = "wasm-bindgen-shared"
version = "0.2.84"
source = "registry+https://github.com/rust-lang/crates.io-index"
checksum = "0046fef7e28c3804e5e38bfa31ea2a0f73905319b677e57ebe37e49358989b5d"

[[package]]
name = "weedle2"
version = "4.0.0"
source = "registry+https://github.com/rust-lang/crates.io-index"
checksum = "2e79c5206e1f43a2306fd64bdb95025ee4228960f2e6c5a8b173f3caaf807741"
dependencies = [
 "nom",
]

[[package]]
name = "x25519-dalek"
version = "1.2.0"
source = "registry+https://github.com/rust-lang/crates.io-index"
checksum = "2392b6b94a576b4e2bf3c5b2757d63f10ada8020a2e4d08ac849ebcf6ea8e077"
dependencies = [
 "curve25519-dalek",
 "rand_core",
 "serde",
 "zeroize",
]

[[package]]
name = "xmtpv3"
version = "0.1.0"
dependencies = [
 "anyhow",
 "console_error_panic_hook",
 "vodozemac",
]

[[package]]
name = "xmtpv3-ffi"
version = "0.1.0"
dependencies = [
 "uniffi",
 "uniffi_macros",
 "xmtpv3",
]

[[package]]
name = "zeroize"
version = "1.3.0"
source = "registry+https://github.com/rust-lang/crates.io-index"
checksum = "4756f7db3f7b5574938c3eb1c117038b8e07f95ee6718c0efad4ac21508f1efd"
dependencies = [
 "zeroize_derive",
]

[[package]]
name = "zeroize_derive"
version = "1.4.1"
source = "registry+https://github.com/rust-lang/crates.io-index"
checksum = "25588073e5216b50bca71d61cb8595cdb9745e87032a58c199730def2862c934"
dependencies = [
 "proc-macro2",
 "quote",
 "syn 2.0.10",
]
