{
  "originHash" : "015e6f8fa117be5023472a29f641a3ef96b9c775b7ae7d32605838f5c8226352",
  "pins" : [
    {
      "identity" : "bigint",
      "kind" : "remoteSourceControl",
      "location" : "https://github.com/attaswift/BigInt.git",
      "state" : {
        "revision" : "793a7fac0bfc318e85994bf6900652e827aef33e",
        "version" : "5.4.1"
      }
    }
  ],
  "version" : 3
}
