{
  "nodes": {
    "fenix": {
      "inputs": {
        "nixpkgs": [
          "nixpkgs"
        ],
        "rust-analyzer-src": "rust-analyzer-src"
      },
      "locked": {
        "lastModified": 1729375822,
        "narHash": "sha256-bRo4xVwUhvJ4Gz+OhWMREFMdBOYSw4Yi1Apj01ebbug=",
        "owner": "nix-community",
        "repo": "fenix",
        "rev": "2853e7d9b5c52a148a9fb824bfe4f9f433f557ab",
        "type": "github"
      },
      "original": {
        "owner": "nix-community",
        "repo": "fenix",
        "type": "github"
      }
    },
    "flake-utils": {
      "inputs": {
        "systems": "systems"
      },
      "locked": {
        "lastModified": 1726560853,
        "narHash": "sha256-X6rJYSESBVr3hBoH0WbKE5KvhPU5bloyZ2L4K60/fPQ=",
        "owner": "numtide",
        "repo": "flake-utils",
        "rev": "c1dfcf08411b08f6b8615f7d8971a2bfa81d5e8a",
        "type": "github"
      },
      "original": {
        "owner": "numtide",
        "repo": "flake-utils",
        "type": "github"
      }
    },
    "flake-utils_2": {
      "inputs": {
        "systems": "systems_2"
      },
      "locked": {
        "lastModified": 1726560853,
        "narHash": "sha256-X6rJYSESBVr3hBoH0WbKE5KvhPU5bloyZ2L4K60/fPQ=",
        "owner": "numtide",
        "repo": "flake-utils",
        "rev": "c1dfcf08411b08f6b8615f7d8971a2bfa81d5e8a",
        "type": "github"
      },
      "original": {
        "owner": "numtide",
        "repo": "flake-utils",
        "type": "github"
      }
    },
    "nixpkgs": {
      "locked": {
        "lastModified": 1729181673,
        "narHash": "sha256-LDiPhQ3l+fBjRATNtnuDZsBS7hqoBtPkKBkhpoBHv3I=",
        "owner": "NixOS",
        "repo": "nixpkgs",
        "rev": "4eb33fe664af7b41a4c446f87d20c9a0a6321fa3",
        "type": "github"
      },
      "original": {
        "owner": "NixOS",
        "ref": "nixos-24.05",
        "repo": "nixpkgs",
        "type": "github"
      }
    },
    "nixpkgs-cross-overlay": {
      "inputs": {
        "flake-utils": "flake-utils_2",
        "nixpkgs": [
          "nixpkgs"
        ],
        "rust-overlay": "rust-overlay",
        "treefmt-nix": "treefmt-nix"
      },
      "locked": {
        "lastModified": 1726936638,
        "narHash": "sha256-FjpclLuQUIdeoD5EA/OjFwusU2gvRcDEU/IMR1p29uM=",
        "owner": "alekseysidorov",
        "repo": "nixpkgs-cross-overlay",
        "rev": "b126f8b8933b905b9a5e9dd53c7e5eafed33f6a0",
        "type": "github"
      },
      "original": {
        "owner": "alekseysidorov",
        "repo": "nixpkgs-cross-overlay",
        "type": "github"
      }
    },
    "root": {
      "inputs": {
        "fenix": "fenix",
        "flake-utils": "flake-utils",
        "nixpkgs": "nixpkgs",
        "nixpkgs-cross-overlay": "nixpkgs-cross-overlay"
      }
    },
    "rust-analyzer-src": {
      "flake": false,
      "locked": {
        "lastModified": 1729255720,
        "narHash": "sha256-yODOuZxBkS0UfqMa6nmbqNbVfIbsu0tYLbV5vZzmsqI=",
        "owner": "rust-lang",
        "repo": "rust-analyzer",
        "rev": "72b214fbfbe6f7b95a7877b962783bd42062cc0a",
        "type": "github"
      },
      "original": {
        "owner": "rust-lang",
        "ref": "nightly",
        "repo": "rust-analyzer",
        "type": "github"
      }
    },
    "rust-overlay": {
      "inputs": {
        "nixpkgs": [
          "nixpkgs-cross-overlay",
          "nixpkgs"
        ]
      },
      "locked": {
        "lastModified": 1726885519,
        "narHash": "sha256-wrXknshJMRLv91KQD5d7ovUqJ70FlDM7XeG/upSsKgM=",
        "owner": "oxalica",
        "repo": "rust-overlay",
        "rev": "a66e16cb21e4428224925dbf1b66238c727dda0a",
        "type": "github"
      },
      "original": {
        "owner": "oxalica",
        "repo": "rust-overlay",
        "type": "github"
      }
    },
    "systems": {
      "locked": {
        "lastModified": 1681028828,
        "narHash": "sha256-Vy1rq5AaRuLzOxct8nz4T6wlgyUR7zLU309k9mBC768=",
        "owner": "nix-systems",
        "repo": "default",
        "rev": "da67096a3b9bf56a91d16901293e51ba5b49a27e",
        "type": "github"
      },
      "original": {
        "owner": "nix-systems",
        "repo": "default",
        "type": "github"
      }
    },
    "systems_2": {
      "locked": {
        "lastModified": 1681028828,
        "narHash": "sha256-Vy1rq5AaRuLzOxct8nz4T6wlgyUR7zLU309k9mBC768=",
        "owner": "nix-systems",
        "repo": "default",
        "rev": "da67096a3b9bf56a91d16901293e51ba5b49a27e",
        "type": "github"
      },
      "original": {
        "owner": "nix-systems",
        "repo": "default",
        "type": "github"
      }
    },
    "treefmt-nix": {
      "inputs": {
        "nixpkgs": [
          "nixpkgs-cross-overlay",
          "nixpkgs"
        ]
      },
      "locked": {
        "lastModified": 1726734507,
        "narHash": "sha256-VUH5O5AcOSxb0uL/m34dDkxFKP6WLQ6y4I1B4+N3L2w=",
        "owner": "numtide",
        "repo": "treefmt-nix",
        "rev": "ee41a466c2255a3abe6bc50fc6be927cdee57a9f",
        "type": "github"
      },
      "original": {
        "owner": "numtide",
        "repo": "treefmt-nix",
        "type": "github"
      }
    }
  },
  "root": "root",
  "version": 7
}
