// !$*UTF8*$!
{
	archiveVersion = 1;
	classes = {
	};
	objectVersion = 56;
	objects = {

/* Begin PBXBuildFile section */
		A60FC8BF293AD054001697E3 /* MessageComposerView.swift in Sources */ = {isa = PBXBuildFile; fileRef = A60FC8BE293AD054001697E3 /* MessageComposerView.swift */; };
		A60FC8C1293AD171001697E3 /* ConversationDetailView.swift in Sources */ = {isa = PBXBuildFile; fileRef = A60FC8C0293AD171001697E3 /* ConversationDetailView.swift */; };
		A60FC8C3293AD18A001697E3 /* PreviewClientProvider.swift in Sources */ = {isa = PBXBuildFile; fileRef = A60FC8C2293AD18A001697E3 /* PreviewClientProvider.swift */; };
		A6281993292DC825004B9117 /* XMTPiOSExampleApp.swift in Sources */ = {isa = PBXBuildFile; fileRef = A6281992292DC825004B9117 /* XMTPiOSExampleApp.swift */; };
		A6281995292DC825004B9117 /* ContentView.swift in Sources */ = {isa = PBXBuildFile; fileRef = A6281994292DC825004B9117 /* ContentView.swift */; };
		A6281997292DC826004B9117 /* Assets.xcassets in Resources */ = {isa = PBXBuildFile; fileRef = A6281996292DC826004B9117 /* Assets.xcassets */; };
		A628199B292DC826004B9117 /* Preview Assets.xcassets in Resources */ = {isa = PBXBuildFile; fileRef = A628199A292DC826004B9117 /* Preview Assets.xcassets */; };
		A6557A312941166E00CC4C7B /* MessageCellView.swift in Sources */ = {isa = PBXBuildFile; fileRef = A6557A302941166E00CC4C7B /* MessageCellView.swift */; };
		A6557A3329411F4F00CC4C7B /* NewConversationView.swift in Sources */ = {isa = PBXBuildFile; fileRef = A6557A3229411F4F00CC4C7B /* NewConversationView.swift */; };
		A65F0704297B5D4E00C3C76E /* Persistence.swift in Sources */ = {isa = PBXBuildFile; fileRef = A65F0703297B5D4E00C3C76E /* Persistence.swift */; };
		A65F0707297B5E7600C3C76E /* WalletConnectSwift in Frameworks */ = {isa = PBXBuildFile; productRef = A65F0706297B5E7600C3C76E /* WalletConnectSwift */; };
		A65F070A297B5E8600C3C76E /* KeychainAccess in Frameworks */ = {isa = PBXBuildFile; productRef = A65F0709297B5E8600C3C76E /* KeychainAccess */; };
		A67CCEC129355B4B00131F5C /* AccountManager.swift in Sources */ = {isa = PBXBuildFile; fileRef = A67CCEC029355B4B00131F5C /* AccountManager.swift */; };
		A683860C293EA862006336FF /* MessageListView.swift in Sources */ = {isa = PBXBuildFile; fileRef = A683860B293EA862006336FF /* MessageListView.swift */; };
		A687810729679BC700042FAB /* Account.swift in Sources */ = {isa = PBXBuildFile; fileRef = A687810629679BC700042FAB /* Account.swift */; };
		A687810C29679BFC00042FAB /* WalletConnection.swift in Sources */ = {isa = PBXBuildFile; fileRef = A687810B29679BFC00042FAB /* WalletConnection.swift */; };
		A687810E29679C0D00042FAB /* WalletConnectionMethod.swift in Sources */ = {isa = PBXBuildFile; fileRef = A687810D29679C0D00042FAB /* WalletConnectionMethod.swift */; };
		A69F33C6292DC992005A5556 /* XMTP in Frameworks */ = {isa = PBXBuildFile; productRef = A69F33C5292DC992005A5556 /* XMTP */; };
		A69F33CA292DD557005A5556 /* LoggedInView.swift in Sources */ = {isa = PBXBuildFile; fileRef = A69F33C9292DD557005A5556 /* LoggedInView.swift */; };
		A69F33CC292DD568005A5556 /* QRCodeSheetView.swift in Sources */ = {isa = PBXBuildFile; fileRef = A69F33CB292DD568005A5556 /* QRCodeSheetView.swift */; };
		A6AE5187297B61AE006FDD0F /* NotificationService.appex in Embed Foundation Extensions */ = {isa = PBXBuildFile; fileRef = A6AE5180297B61AE006FDD0F /* NotificationService.appex */; settings = {ATTRIBUTES = (RemoveHeadersOnCopy, ); }; };
		A6AE518E297B6210006FDD0F /* NotificationService.swift in Sources */ = {isa = PBXBuildFile; fileRef = A6AE518C297B6210006FDD0F /* NotificationService.swift */; };
		A6AE5191297B625F006FDD0F /* XMTP in Frameworks */ = {isa = PBXBuildFile; productRef = A6AE5190297B625F006FDD0F /* XMTP */; };
		A6AE5192297B6270006FDD0F /* Persistence.swift in Sources */ = {isa = PBXBuildFile; fileRef = A65F0703297B5D4E00C3C76E /* Persistence.swift */; };
		A6AE5194297B62C8006FDD0F /* KeychainAccess in Frameworks */ = {isa = PBXBuildFile; productRef = A6AE5193297B62C8006FDD0F /* KeychainAccess */; };
		A6D192D0293A7B97006B49F2 /* ConversationListView.swift in Sources */ = {isa = PBXBuildFile; fileRef = A6D192CF293A7B97006B49F2 /* ConversationListView.swift */; };
/* End PBXBuildFile section */

/* Begin PBXContainerItemProxy section */
		A6AE5185297B61AE006FDD0F /* PBXContainerItemProxy */ = {
			isa = PBXContainerItemProxy;
			containerPortal = A6281987292DC825004B9117 /* Project object */;
			proxyType = 1;
			remoteGlobalIDString = A6AE517F297B61AE006FDD0F;
			remoteInfo = NotificationService;
		};
/* End PBXContainerItemProxy section */

/* Begin PBXCopyFilesBuildPhase section */
		A65F0701297B5BCC00C3C76E /* Embed Foundation Extensions */ = {
			isa = PBXCopyFilesBuildPhase;
			buildActionMask = 2147483647;
			dstPath = "";
			dstSubfolderSpec = 13;
			files = (
				A6AE5187297B61AE006FDD0F /* NotificationService.appex in Embed Foundation Extensions */,
			);
			name = "Embed Foundation Extensions";
			runOnlyForDeploymentPostprocessing = 0;
		};
/* End PBXCopyFilesBuildPhase section */

/* Begin PBXFileReference section */
		A60FC8BE293AD054001697E3 /* MessageComposerView.swift */ = {isa = PBXFileReference; lastKnownFileType = sourcecode.swift; path = MessageComposerView.swift; sourceTree = "<group>"; };
		A60FC8C0293AD171001697E3 /* ConversationDetailView.swift */ = {isa = PBXFileReference; lastKnownFileType = sourcecode.swift; path = ConversationDetailView.swift; sourceTree = "<group>"; };
		A60FC8C2293AD18A001697E3 /* PreviewClientProvider.swift */ = {isa = PBXFileReference; lastKnownFileType = sourcecode.swift; path = PreviewClientProvider.swift; sourceTree = "<group>"; };
		A628198F292DC825004B9117 /* XMTPiOSExample.app */ = {isa = PBXFileReference; explicitFileType = wrapper.application; includeInIndex = 0; path = XMTPiOSExample.app; sourceTree = BUILT_PRODUCTS_DIR; };
		A6281992292DC825004B9117 /* XMTPiOSExampleApp.swift */ = {isa = PBXFileReference; lastKnownFileType = sourcecode.swift; path = XMTPiOSExampleApp.swift; sourceTree = "<group>"; };
		A6281994292DC825004B9117 /* ContentView.swift */ = {isa = PBXFileReference; lastKnownFileType = sourcecode.swift; path = ContentView.swift; sourceTree = "<group>"; };
		A6281996292DC826004B9117 /* Assets.xcassets */ = {isa = PBXFileReference; lastKnownFileType = folder.assetcatalog; path = Assets.xcassets; sourceTree = "<group>"; };
		A6281998292DC826004B9117 /* XMTPiOSExample.entitlements */ = {isa = PBXFileReference; lastKnownFileType = text.plist.entitlements; path = XMTPiOSExample.entitlements; sourceTree = "<group>"; };
		A628199A292DC826004B9117 /* Preview Assets.xcassets */ = {isa = PBXFileReference; lastKnownFileType = folder.assetcatalog; path = "Preview Assets.xcassets"; sourceTree = "<group>"; };
		A6557A302941166E00CC4C7B /* MessageCellView.swift */ = {isa = PBXFileReference; lastKnownFileType = sourcecode.swift; path = MessageCellView.swift; sourceTree = "<group>"; };
		A6557A3229411F4F00CC4C7B /* NewConversationView.swift */ = {isa = PBXFileReference; lastKnownFileType = sourcecode.swift; path = NewConversationView.swift; sourceTree = "<group>"; };
		A65F0703297B5D4E00C3C76E /* Persistence.swift */ = {isa = PBXFileReference; fileEncoding = 4; lastKnownFileType = sourcecode.swift; path = Persistence.swift; sourceTree = "<group>"; };
		A67CCEC029355B4B00131F5C /* AccountManager.swift */ = {isa = PBXFileReference; fileEncoding = 4; lastKnownFileType = sourcecode.swift; path = AccountManager.swift; sourceTree = "<group>"; };
		A683860B293EA862006336FF /* MessageListView.swift */ = {isa = PBXFileReference; lastKnownFileType = sourcecode.swift; path = MessageListView.swift; sourceTree = "<group>"; };
		A687810629679BC700042FAB /* Account.swift */ = {isa = PBXFileReference; lastKnownFileType = sourcecode.swift; path = Account.swift; sourceTree = "<group>"; };
		A687810B29679BFC00042FAB /* WalletConnection.swift */ = {isa = PBXFileReference; lastKnownFileType = sourcecode.swift; path = WalletConnection.swift; sourceTree = "<group>"; };
		A687810D29679C0D00042FAB /* WalletConnectionMethod.swift */ = {isa = PBXFileReference; lastKnownFileType = sourcecode.swift; path = WalletConnectionMethod.swift; sourceTree = "<group>"; };
		A69F33C7292DD3A9005A5556 /* xmtp-ios */ = {isa = PBXFileReference; lastKnownFileType = wrapper; name = "xmtp-ios"; path = ..; sourceTree = "<group>"; };
		A69F33C9292DD557005A5556 /* LoggedInView.swift */ = {isa = PBXFileReference; lastKnownFileType = sourcecode.swift; path = LoggedInView.swift; sourceTree = "<group>"; };
		A69F33CB292DD568005A5556 /* QRCodeSheetView.swift */ = {isa = PBXFileReference; lastKnownFileType = sourcecode.swift; path = QRCodeSheetView.swift; sourceTree = "<group>"; };
		A6AE5180297B61AE006FDD0F /* NotificationService.appex */ = {isa = PBXFileReference; explicitFileType = "wrapper.app-extension"; includeInIndex = 0; path = NotificationService.appex; sourceTree = BUILT_PRODUCTS_DIR; };
		A6AE518B297B61C8006FDD0F /* NotificationService.entitlements */ = {isa = PBXFileReference; lastKnownFileType = text.plist.entitlements; path = NotificationService.entitlements; sourceTree = "<group>"; };
		A6AE518C297B6210006FDD0F /* NotificationService.swift */ = {isa = PBXFileReference; fileEncoding = 4; lastKnownFileType = sourcecode.swift; path = NotificationService.swift; sourceTree = "<group>"; };
		A6D192CF293A7B97006B49F2 /* ConversationListView.swift */ = {isa = PBXFileReference; lastKnownFileType = sourcecode.swift; path = ConversationListView.swift; sourceTree = "<group>"; };
/* End PBXFileReference section */

/* Begin PBXFrameworksBuildPhase section */
		A628198C292DC825004B9117 /* Frameworks */ = {
			isa = PBXFrameworksBuildPhase;
			buildActionMask = 2147483647;
			files = (
				A65F0707297B5E7600C3C76E /* WalletConnectSwift in Frameworks */,
				A69F33C6292DC992005A5556 /* XMTP in Frameworks */,
				A65F070A297B5E8600C3C76E /* KeychainAccess in Frameworks */,
			);
			runOnlyForDeploymentPostprocessing = 0;
		};
		A6AE517D297B61AE006FDD0F /* Frameworks */ = {
			isa = PBXFrameworksBuildPhase;
			buildActionMask = 2147483647;
			files = (
				A6AE5194297B62C8006FDD0F /* KeychainAccess in Frameworks */,
				A6AE5191297B625F006FDD0F /* XMTP in Frameworks */,
			);
			runOnlyForDeploymentPostprocessing = 0;
		};
/* End PBXFrameworksBuildPhase section */

/* Begin PBXGroup section */
		A6281986292DC825004B9117 = {
			isa = PBXGroup;
			children = (
				A69F33C7292DD3A9005A5556 /* xmtp-ios */,
				A6281991292DC825004B9117 /* XMTPiOSExample */,
				A6AE5181297B61AE006FDD0F /* NotificationService */,
				A6281990292DC825004B9117 /* Products */,
				A69F33C4292DC992005A5556 /* Frameworks */,
			);
			sourceTree = "<group>";
		};
		A6281990292DC825004B9117 /* Products */ = {
			isa = PBXGroup;
			children = (
				A628198F292DC825004B9117 /* XMTPiOSExample.app */,
				A6AE5180297B61AE006FDD0F /* NotificationService.appex */,
			);
			name = Products;
			sourceTree = "<group>";
		};
		A6281991292DC825004B9117 /* XMTPiOSExample */ = {
			isa = PBXGroup;
			children = (
				A65F0703297B5D4E00C3C76E /* Persistence.swift */,
				A687810529679B5B00042FAB /* Account */,
				A69F33C8292DD54C005A5556 /* Views */,
				A6281992292DC825004B9117 /* XMTPiOSExampleApp.swift */,
				A6281994292DC825004B9117 /* ContentView.swift */,
				A6281996292DC826004B9117 /* Assets.xcassets */,
				A6281998292DC826004B9117 /* XMTPiOSExample.entitlements */,
				A6281999292DC826004B9117 /* Preview Content */,
			);
			path = XMTPiOSExample;
			sourceTree = "<group>";
		};
		A6281999292DC826004B9117 /* Preview Content */ = {
			isa = PBXGroup;
			children = (
				A628199A292DC826004B9117 /* Preview Assets.xcassets */,
			);
			path = "Preview Content";
			sourceTree = "<group>";
		};
		A687810529679B5B00042FAB /* Account */ = {
			isa = PBXGroup;
			children = (
				A67CCEC029355B4B00131F5C /* AccountManager.swift */,
				A687810629679BC700042FAB /* Account.swift */,
				A687810B29679BFC00042FAB /* WalletConnection.swift */,
				A687810D29679C0D00042FAB /* WalletConnectionMethod.swift */,
			);
			path = Account;
			sourceTree = "<group>";
		};
		A69F33C4292DC992005A5556 /* Frameworks */ = {
			isa = PBXGroup;
			children = (
			);
			name = Frameworks;
			sourceTree = "<group>";
		};
		A69F33C8292DD54C005A5556 /* Views */ = {
			isa = PBXGroup;
			children = (
				A69F33C9292DD557005A5556 /* LoggedInView.swift */,
				A69F33CB292DD568005A5556 /* QRCodeSheetView.swift */,
				A6D192CF293A7B97006B49F2 /* ConversationListView.swift */,
				A60FC8BE293AD054001697E3 /* MessageComposerView.swift */,
				A60FC8C0293AD171001697E3 /* ConversationDetailView.swift */,
				A60FC8C2293AD18A001697E3 /* PreviewClientProvider.swift */,
				A683860B293EA862006336FF /* MessageListView.swift */,
				A6557A302941166E00CC4C7B /* MessageCellView.swift */,
				A6557A3229411F4F00CC4C7B /* NewConversationView.swift */,
			);
			path = Views;
			sourceTree = "<group>";
		};
		A6AE5181297B61AE006FDD0F /* NotificationService */ = {
			isa = PBXGroup;
			children = (
				A6AE518C297B6210006FDD0F /* NotificationService.swift */,
				A6AE518B297B61C8006FDD0F /* NotificationService.entitlements */,
			);
			path = NotificationService;
			sourceTree = "<group>";
		};
/* End PBXGroup section */

/* Begin PBXNativeTarget section */
		A628198E292DC825004B9117 /* XMTPiOSExample */ = {
			isa = PBXNativeTarget;
			buildConfigurationList = A628199E292DC826004B9117 /* Build configuration list for PBXNativeTarget "XMTPiOSExample" */;
			buildPhases = (
				A628198B292DC825004B9117 /* Sources */,
				A628198C292DC825004B9117 /* Frameworks */,
				A628198D292DC825004B9117 /* Resources */,
				A65F0701297B5BCC00C3C76E /* Embed Foundation Extensions */,
			);
			buildRules = (
			);
			dependencies = (
				A6AE5186297B61AE006FDD0F /* PBXTargetDependency */,
			);
			name = XMTPiOSExample;
			packageProductDependencies = (
				A69F33C5292DC992005A5556 /* XMTP */,
				A65F0706297B5E7600C3C76E /* WalletConnectSwift */,
				A65F0709297B5E8600C3C76E /* KeychainAccess */,
			);
			productName = XMTPiOSExample;
			productReference = A628198F292DC825004B9117 /* XMTPiOSExample.app */;
			productType = "com.apple.product-type.application";
		};
		A6AE517F297B61AE006FDD0F /* NotificationService */ = {
			isa = PBXNativeTarget;
			buildConfigurationList = A6AE5188297B61AE006FDD0F /* Build configuration list for PBXNativeTarget "NotificationService" */;
			buildPhases = (
				A6AE517C297B61AE006FDD0F /* Sources */,
				A6AE517D297B61AE006FDD0F /* Frameworks */,
				A6AE517E297B61AE006FDD0F /* Resources */,
			);
			buildRules = (
			);
			dependencies = (
			);
			name = NotificationService;
			packageProductDependencies = (
				A6AE5190297B625F006FDD0F /* XMTP */,
				A6AE5193297B62C8006FDD0F /* KeychainAccess */,
			);
			productName = NotificationService;
			productReference = A6AE5180297B61AE006FDD0F /* NotificationService.appex */;
			productType = "com.apple.product-type.app-extension";
		};
/* End PBXNativeTarget section */

/* Begin PBXProject section */
		A6281987292DC825004B9117 /* Project object */ = {
			isa = PBXProject;
			attributes = {
				BuildIndependentTargetsInParallel = 1;
				LastSwiftUpdateCheck = 1410;
				LastUpgradeCheck = 1410;
				TargetAttributes = {
					A628198E292DC825004B9117 = {
						CreatedOnToolsVersion = 14.1;
					};
					A6AE517F297B61AE006FDD0F = {
						CreatedOnToolsVersion = 14.1;
					};
				};
			};
			buildConfigurationList = A628198A292DC825004B9117 /* Build configuration list for PBXProject "XMTPiOSExample" */;
			compatibilityVersion = "Xcode 14.0";
			developmentRegion = en;
			hasScannedForEncodings = 0;
			knownRegions = (
				en,
				Base,
			);
			mainGroup = A6281986292DC825004B9117;
			packageReferences = (
				A65F0705297B5E7500C3C76E /* XCRemoteSwiftPackageReference "WalletConnectSwift" */,
				A65F0708297B5E8600C3C76E /* XCRemoteSwiftPackageReference "KeychainAccess" */,
			);
			productRefGroup = A6281990292DC825004B9117 /* Products */;
			projectDirPath = "";
			projectRoot = "";
			targets = (
				A628198E292DC825004B9117 /* XMTPiOSExample */,
				A6AE517F297B61AE006FDD0F /* NotificationService */,
			);
		};
/* End PBXProject section */

/* Begin PBXResourcesBuildPhase section */
		A628198D292DC825004B9117 /* Resources */ = {
			isa = PBXResourcesBuildPhase;
			buildActionMask = 2147483647;
			files = (
				A628199B292DC826004B9117 /* Preview Assets.xcassets in Resources */,
				A6281997292DC826004B9117 /* Assets.xcassets in Resources */,
			);
			runOnlyForDeploymentPostprocessing = 0;
		};
		A6AE517E297B61AE006FDD0F /* Resources */ = {
			isa = PBXResourcesBuildPhase;
			buildActionMask = 2147483647;
			files = (
			);
			runOnlyForDeploymentPostprocessing = 0;
		};
/* End PBXResourcesBuildPhase section */

/* Begin PBXSourcesBuildPhase section */
		A628198B292DC825004B9117 /* Sources */ = {
			isa = PBXSourcesBuildPhase;
			buildActionMask = 2147483647;
			files = (
				A6557A3329411F4F00CC4C7B /* NewConversationView.swift in Sources */,
				A65F0704297B5D4E00C3C76E /* Persistence.swift in Sources */,
				A687810729679BC700042FAB /* Account.swift in Sources */,
				A6557A312941166E00CC4C7B /* MessageCellView.swift in Sources */,
				A60FC8C1293AD171001697E3 /* ConversationDetailView.swift in Sources */,
				A60FC8C3293AD18A001697E3 /* PreviewClientProvider.swift in Sources */,
				A6281995292DC825004B9117 /* ContentView.swift in Sources */,
				A687810C29679BFC00042FAB /* WalletConnection.swift in Sources */,
				A69F33CA292DD557005A5556 /* LoggedInView.swift in Sources */,
				A69F33CC292DD568005A5556 /* QRCodeSheetView.swift in Sources */,
				A6281993292DC825004B9117 /* XMTPiOSExampleApp.swift in Sources */,
				A67CCEC129355B4B00131F5C /* AccountManager.swift in Sources */,
				A687810E29679C0D00042FAB /* WalletConnectionMethod.swift in Sources */,
				A60FC8BF293AD054001697E3 /* MessageComposerView.swift in Sources */,
				A683860C293EA862006336FF /* MessageListView.swift in Sources */,
				A6D192D0293A7B97006B49F2 /* ConversationListView.swift in Sources */,
			);
			runOnlyForDeploymentPostprocessing = 0;
		};
		A6AE517C297B61AE006FDD0F /* Sources */ = {
			isa = PBXSourcesBuildPhase;
			buildActionMask = 2147483647;
			files = (
				A6AE518E297B6210006FDD0F /* NotificationService.swift in Sources */,
				A6AE5192297B6270006FDD0F /* Persistence.swift in Sources */,
			);
			runOnlyForDeploymentPostprocessing = 0;
		};
/* End PBXSourcesBuildPhase section */

/* Begin PBXTargetDependency section */
		A6AE5186297B61AE006FDD0F /* PBXTargetDependency */ = {
			isa = PBXTargetDependency;
			target = A6AE517F297B61AE006FDD0F /* NotificationService */;
			targetProxy = A6AE5185297B61AE006FDD0F /* PBXContainerItemProxy */;
		};
/* End PBXTargetDependency section */

/* Begin XCBuildConfiguration section */
		A628199C292DC826004B9117 /* Debug */ = {
			isa = XCBuildConfiguration;
			buildSettings = {
				ALWAYS_SEARCH_USER_PATHS = NO;
				CLANG_ANALYZER_NONNULL = YES;
				CLANG_ANALYZER_NUMBER_OBJECT_CONVERSION = YES_AGGRESSIVE;
				CLANG_CXX_LANGUAGE_STANDARD = "gnu++20";
				CLANG_ENABLE_MODULES = YES;
				CLANG_ENABLE_OBJC_ARC = YES;
				CLANG_ENABLE_OBJC_WEAK = YES;
				CLANG_WARN_BLOCK_CAPTURE_AUTORELEASING = YES;
				CLANG_WARN_BOOL_CONVERSION = YES;
				CLANG_WARN_COMMA = YES;
				CLANG_WARN_CONSTANT_CONVERSION = YES;
				CLANG_WARN_DEPRECATED_OBJC_IMPLEMENTATIONS = YES;
				CLANG_WARN_DIRECT_OBJC_ISA_USAGE = YES_ERROR;
				CLANG_WARN_DOCUMENTATION_COMMENTS = YES;
				CLANG_WARN_EMPTY_BODY = YES;
				CLANG_WARN_ENUM_CONVERSION = YES;
				CLANG_WARN_INFINITE_RECURSION = YES;
				CLANG_WARN_INT_CONVERSION = YES;
				CLANG_WARN_NON_LITERAL_NULL_CONVERSION = YES;
				CLANG_WARN_OBJC_IMPLICIT_RETAIN_SELF = YES;
				CLANG_WARN_OBJC_LITERAL_CONVERSION = YES;
				CLANG_WARN_OBJC_ROOT_CLASS = YES_ERROR;
				CLANG_WARN_QUOTED_INCLUDE_IN_FRAMEWORK_HEADER = YES;
				CLANG_WARN_RANGE_LOOP_ANALYSIS = YES;
				CLANG_WARN_STRICT_PROTOTYPES = YES;
				CLANG_WARN_SUSPICIOUS_MOVE = YES;
				CLANG_WARN_UNGUARDED_AVAILABILITY = YES_AGGRESSIVE;
				CLANG_WARN_UNREACHABLE_CODE = YES;
				CLANG_WARN__DUPLICATE_METHOD_MATCH = YES;
				COPY_PHASE_STRIP = NO;
				DEBUG_INFORMATION_FORMAT = dwarf;
				ENABLE_STRICT_OBJC_MSGSEND = YES;
				ENABLE_TESTABILITY = YES;
				GCC_C_LANGUAGE_STANDARD = gnu11;
				GCC_DYNAMIC_NO_PIC = NO;
				GCC_NO_COMMON_BLOCKS = YES;
				GCC_OPTIMIZATION_LEVEL = 0;
				GCC_PREPROCESSOR_DEFINITIONS = (
					"DEBUG=1",
					"$(inherited)",
				);
				GCC_WARN_64_TO_32_BIT_CONVERSION = YES;
				GCC_WARN_ABOUT_RETURN_TYPE = YES_ERROR;
				GCC_WARN_UNDECLARED_SELECTOR = YES;
				GCC_WARN_UNINITIALIZED_AUTOS = YES_AGGRESSIVE;
				GCC_WARN_UNUSED_FUNCTION = YES;
				GCC_WARN_UNUSED_VARIABLE = YES;
				MTL_ENABLE_DEBUG_INFO = INCLUDE_SOURCE;
				MTL_FAST_MATH = YES;
				ONLY_ACTIVE_ARCH = YES;
				SWIFT_ACTIVE_COMPILATION_CONDITIONS = DEBUG;
				SWIFT_OPTIMIZATION_LEVEL = "-Onone";
			};
			name = Debug;
		};
		A628199D292DC826004B9117 /* Release */ = {
			isa = XCBuildConfiguration;
			buildSettings = {
				ALWAYS_SEARCH_USER_PATHS = NO;
				CLANG_ANALYZER_NONNULL = YES;
				CLANG_ANALYZER_NUMBER_OBJECT_CONVERSION = YES_AGGRESSIVE;
				CLANG_CXX_LANGUAGE_STANDARD = "gnu++20";
				CLANG_ENABLE_MODULES = YES;
				CLANG_ENABLE_OBJC_ARC = YES;
				CLANG_ENABLE_OBJC_WEAK = YES;
				CLANG_WARN_BLOCK_CAPTURE_AUTORELEASING = YES;
				CLANG_WARN_BOOL_CONVERSION = YES;
				CLANG_WARN_COMMA = YES;
				CLANG_WARN_CONSTANT_CONVERSION = YES;
				CLANG_WARN_DEPRECATED_OBJC_IMPLEMENTATIONS = YES;
				CLANG_WARN_DIRECT_OBJC_ISA_USAGE = YES_ERROR;
				CLANG_WARN_DOCUMENTATION_COMMENTS = YES;
				CLANG_WARN_EMPTY_BODY = YES;
				CLANG_WARN_ENUM_CONVERSION = YES;
				CLANG_WARN_INFINITE_RECURSION = YES;
				CLANG_WARN_INT_CONVERSION = YES;
				CLANG_WARN_NON_LITERAL_NULL_CONVERSION = YES;
				CLANG_WARN_OBJC_IMPLICIT_RETAIN_SELF = YES;
				CLANG_WARN_OBJC_LITERAL_CONVERSION = YES;
				CLANG_WARN_OBJC_ROOT_CLASS = YES_ERROR;
				CLANG_WARN_QUOTED_INCLUDE_IN_FRAMEWORK_HEADER = YES;
				CLANG_WARN_RANGE_LOOP_ANALYSIS = YES;
				CLANG_WARN_STRICT_PROTOTYPES = YES;
				CLANG_WARN_SUSPICIOUS_MOVE = YES;
				CLANG_WARN_UNGUARDED_AVAILABILITY = YES_AGGRESSIVE;
				CLANG_WARN_UNREACHABLE_CODE = YES;
				CLANG_WARN__DUPLICATE_METHOD_MATCH = YES;
				COPY_PHASE_STRIP = NO;
				DEBUG_INFORMATION_FORMAT = "dwarf-with-dsym";
				ENABLE_NS_ASSERTIONS = NO;
				ENABLE_STRICT_OBJC_MSGSEND = YES;
				GCC_C_LANGUAGE_STANDARD = gnu11;
				GCC_NO_COMMON_BLOCKS = YES;
				GCC_WARN_64_TO_32_BIT_CONVERSION = YES;
				GCC_WARN_ABOUT_RETURN_TYPE = YES_ERROR;
				GCC_WARN_UNDECLARED_SELECTOR = YES;
				GCC_WARN_UNINITIALIZED_AUTOS = YES_AGGRESSIVE;
				GCC_WARN_UNUSED_FUNCTION = YES;
				GCC_WARN_UNUSED_VARIABLE = YES;
				MTL_ENABLE_DEBUG_INFO = NO;
				MTL_FAST_MATH = YES;
				SWIFT_COMPILATION_MODE = wholemodule;
				SWIFT_OPTIMIZATION_LEVEL = "-O";
			};
			name = Release;
		};
		A628199F292DC826004B9117 /* Debug */ = {
			isa = XCBuildConfiguration;
			buildSettings = {
				ALWAYS_EMBED_SWIFT_STANDARD_LIBRARIES = YES;
				ASSETCATALOG_COMPILER_APPICON_NAME = AppIcon;
				ASSETCATALOG_COMPILER_GLOBAL_ACCENT_COLOR_NAME = AccentColor;
				CODE_SIGN_ENTITLEMENTS = XMTPiOSExample/XMTPiOSExample.entitlements;
				CODE_SIGN_STYLE = Automatic;
				CURRENT_PROJECT_VERSION = 1;
				DEVELOPMENT_ASSET_PATHS = "\"XMTPiOSExample/Preview Content\"";
				DEVELOPMENT_TEAM = "";
				ENABLE_PREVIEWS = YES;
				GENERATE_INFOPLIST_FILE = YES;
				INFOPLIST_FILE = XMTPiOSExample/Info.plist;
				"INFOPLIST_KEY_UIApplicationSceneManifest_Generation[sdk=iphoneos*]" = YES;
				"INFOPLIST_KEY_UIApplicationSceneManifest_Generation[sdk=iphonesimulator*]" = YES;
				"INFOPLIST_KEY_UIApplicationSupportsIndirectInputEvents[sdk=iphoneos*]" = YES;
				"INFOPLIST_KEY_UIApplicationSupportsIndirectInputEvents[sdk=iphonesimulator*]" = YES;
				"INFOPLIST_KEY_UILaunchScreen_Generation[sdk=iphoneos*]" = YES;
				"INFOPLIST_KEY_UILaunchScreen_Generation[sdk=iphonesimulator*]" = YES;
				"INFOPLIST_KEY_UIStatusBarStyle[sdk=iphoneos*]" = UIStatusBarStyleDefault;
				"INFOPLIST_KEY_UIStatusBarStyle[sdk=iphonesimulator*]" = UIStatusBarStyleDefault;
				INFOPLIST_KEY_UISupportedInterfaceOrientations_iPad = "UIInterfaceOrientationPortrait UIInterfaceOrientationPortraitUpsideDown UIInterfaceOrientationLandscapeLeft UIInterfaceOrientationLandscapeRight";
				INFOPLIST_KEY_UISupportedInterfaceOrientations_iPhone = "UIInterfaceOrientationPortrait UIInterfaceOrientationLandscapeLeft UIInterfaceOrientationLandscapeRight";
				IPHONEOS_DEPLOYMENT_TARGET = 16.1;
				LD_RUNPATH_SEARCH_PATHS = "@executable_path/Frameworks";
				"LD_RUNPATH_SEARCH_PATHS[sdk=macosx*]" = "@executable_path/../Frameworks";
				MACOSX_DEPLOYMENT_TARGET = 12.5;
				MARKETING_VERSION = 1.0;
				PRODUCT_BUNDLE_IDENTIFIER = com.xmtp.XMTPiOSExampletest;
				PRODUCT_NAME = "$(TARGET_NAME)";
				SDKROOT = auto;
				SUPPORTED_PLATFORMS = "iphoneos iphonesimulator macosx";
				SWIFT_EMIT_LOC_STRINGS = YES;
				SWIFT_VERSION = 5.0;
				TARGETED_DEVICE_FAMILY = "1,2";
			};
			name = Debug;
		};
		A62819A0292DC826004B9117 /* Release */ = {
			isa = XCBuildConfiguration;
			buildSettings = {
				ALWAYS_EMBED_SWIFT_STANDARD_LIBRARIES = YES;
				ASSETCATALOG_COMPILER_APPICON_NAME = AppIcon;
				ASSETCATALOG_COMPILER_GLOBAL_ACCENT_COLOR_NAME = AccentColor;
				CODE_SIGN_ENTITLEMENTS = XMTPiOSExample/XMTPiOSExample.entitlements;
				CODE_SIGN_STYLE = Automatic;
				CURRENT_PROJECT_VERSION = 1;
				DEVELOPMENT_ASSET_PATHS = "\"XMTPiOSExample/Preview Content\"";
				DEVELOPMENT_TEAM = Z773AM52SJ;
				ENABLE_PREVIEWS = YES;
				GENERATE_INFOPLIST_FILE = YES;
				INFOPLIST_FILE = XMTPiOSExample/Info.plist;
				"INFOPLIST_KEY_UIApplicationSceneManifest_Generation[sdk=iphoneos*]" = YES;
				"INFOPLIST_KEY_UIApplicationSceneManifest_Generation[sdk=iphonesimulator*]" = YES;
				"INFOPLIST_KEY_UIApplicationSupportsIndirectInputEvents[sdk=iphoneos*]" = YES;
				"INFOPLIST_KEY_UIApplicationSupportsIndirectInputEvents[sdk=iphonesimulator*]" = YES;
				"INFOPLIST_KEY_UILaunchScreen_Generation[sdk=iphoneos*]" = YES;
				"INFOPLIST_KEY_UILaunchScreen_Generation[sdk=iphonesimulator*]" = YES;
				"INFOPLIST_KEY_UIStatusBarStyle[sdk=iphoneos*]" = UIStatusBarStyleDefault;
				"INFOPLIST_KEY_UIStatusBarStyle[sdk=iphonesimulator*]" = UIStatusBarStyleDefault;
				INFOPLIST_KEY_UISupportedInterfaceOrientations_iPad = "UIInterfaceOrientationPortrait UIInterfaceOrientationPortraitUpsideDown UIInterfaceOrientationLandscapeLeft UIInterfaceOrientationLandscapeRight";
				INFOPLIST_KEY_UISupportedInterfaceOrientations_iPhone = "UIInterfaceOrientationPortrait UIInterfaceOrientationLandscapeLeft UIInterfaceOrientationLandscapeRight";
				IPHONEOS_DEPLOYMENT_TARGET = 16.1;
				LD_RUNPATH_SEARCH_PATHS = "@executable_path/Frameworks";
				"LD_RUNPATH_SEARCH_PATHS[sdk=macosx*]" = "@executable_path/../Frameworks";
				MACOSX_DEPLOYMENT_TARGET = 12.5;
				MARKETING_VERSION = 1.0;
				PRODUCT_BUNDLE_IDENTIFIER = com.xmtp.XMTPiOSExample;
				PRODUCT_NAME = "$(TARGET_NAME)";
				SDKROOT = auto;
				SUPPORTED_PLATFORMS = "iphoneos iphonesimulator macosx";
				SWIFT_EMIT_LOC_STRINGS = YES;
				SWIFT_VERSION = 5.0;
				TARGETED_DEVICE_FAMILY = "1,2";
			};
			name = Release;
		};
		A6AE5189297B61AE006FDD0F /* Debug */ = {
			isa = XCBuildConfiguration;
			buildSettings = {
				CODE_SIGN_ENTITLEMENTS = NotificationService/NotificationService.entitlements;
				CODE_SIGN_STYLE = Automatic;
				CURRENT_PROJECT_VERSION = 1;
				DEVELOPMENT_TEAM = "";
				GENERATE_INFOPLIST_FILE = YES;
				INFOPLIST_FILE = NotificationService/Info.plist;
				INFOPLIST_KEY_CFBundleDisplayName = NotificationService;
				INFOPLIST_KEY_NSHumanReadableCopyright = "";
				IPHONEOS_DEPLOYMENT_TARGET = 16.1;
				LD_RUNPATH_SEARCH_PATHS = (
					"$(inherited)",
					"@executable_path/Frameworks",
					"@executable_path/../../Frameworks",
				);
				MARKETING_VERSION = 1.0;
				PRODUCT_BUNDLE_IDENTIFIER = com.xmtp.XMTPiOSExampletest.NotificationService;
				PRODUCT_NAME = "$(TARGET_NAME)";
				SDKROOT = iphoneos;
				SKIP_INSTALL = YES;
				SWIFT_EMIT_LOC_STRINGS = YES;
				SWIFT_VERSION = 5.0;
				TARGETED_DEVICE_FAMILY = "1,2";
			};
			name = Debug;
		};
		A6AE518A297B61AE006FDD0F /* Release */ = {
			isa = XCBuildConfiguration;
			buildSettings = {
				CODE_SIGN_ENTITLEMENTS = NotificationService/NotificationService.entitlements;
				CODE_SIGN_STYLE = Automatic;
				CURRENT_PROJECT_VERSION = 1;
				DEVELOPMENT_TEAM = "";
				GENERATE_INFOPLIST_FILE = YES;
				INFOPLIST_FILE = NotificationService/Info.plist;
				INFOPLIST_KEY_CFBundleDisplayName = NotificationService;
				INFOPLIST_KEY_NSHumanReadableCopyright = "";
				IPHONEOS_DEPLOYMENT_TARGET = 16.1;
				LD_RUNPATH_SEARCH_PATHS = (
					"$(inherited)",
					"@executable_path/Frameworks",
					"@executable_path/../../Frameworks",
				);
				MARKETING_VERSION = 1.0;
				PRODUCT_BUNDLE_IDENTIFIER = com.xmtp.XMTPiOSExampletest.NotificationService;
				PRODUCT_NAME = "$(TARGET_NAME)";
				SDKROOT = iphoneos;
				SKIP_INSTALL = YES;
				SWIFT_EMIT_LOC_STRINGS = YES;
				SWIFT_VERSION = 5.0;
				TARGETED_DEVICE_FAMILY = "1,2";
				VALIDATE_PRODUCT = YES;
			};
			name = Release;
		};
/* End XCBuildConfiguration section */

/* Begin XCConfigurationList section */
		A628198A292DC825004B9117 /* Build configuration list for PBXProject "XMTPiOSExample" */ = {
			isa = XCConfigurationList;
			buildConfigurations = (
				A628199C292DC826004B9117 /* Debug */,
				A628199D292DC826004B9117 /* Release */,
			);
			defaultConfigurationIsVisible = 0;
			defaultConfigurationName = Release;
		};
		A628199E292DC826004B9117 /* Build configuration list for PBXNativeTarget "XMTPiOSExample" */ = {
			isa = XCConfigurationList;
			buildConfigurations = (
				A628199F292DC826004B9117 /* Debug */,
				A62819A0292DC826004B9117 /* Release */,
			);
			defaultConfigurationIsVisible = 0;
			defaultConfigurationName = Release;
		};
		A6AE5188297B61AE006FDD0F /* Build configuration list for PBXNativeTarget "NotificationService" */ = {
			isa = XCConfigurationList;
			buildConfigurations = (
				A6AE5189297B61AE006FDD0F /* Debug */,
				A6AE518A297B61AE006FDD0F /* Release */,
			);
			defaultConfigurationIsVisible = 0;
			defaultConfigurationName = Release;
		};
/* End XCConfigurationList section */

/* Begin XCRemoteSwiftPackageReference section */
		A65F0705297B5E7500C3C76E /* XCRemoteSwiftPackageReference "WalletConnectSwift" */ = {
			isa = XCRemoteSwiftPackageReference;
			repositoryURL = "https://github.com/WalletConnect/WalletConnectSwift";
			requirement = {
				branch = master;
				kind = branch;
			};
		};
		A65F0708297B5E8600C3C76E /* XCRemoteSwiftPackageReference "KeychainAccess" */ = {
			isa = XCRemoteSwiftPackageReference;
			repositoryURL = "https://github.com/kishikawakatsumi/KeychainAccess";
			requirement = {
				branch = master;
				kind = branch;
			};
		};
/* End XCRemoteSwiftPackageReference section */

/* Begin XCSwiftPackageProductDependency section */
		A65F0706297B5E7600C3C76E /* WalletConnectSwift */ = {
			isa = XCSwiftPackageProductDependency;
			package = A65F0705297B5E7500C3C76E /* XCRemoteSwiftPackageReference "WalletConnectSwift" */;
			productName = WalletConnectSwift;
		};
		A65F0709297B5E8600C3C76E /* KeychainAccess */ = {
			isa = XCSwiftPackageProductDependency;
			package = A65F0708297B5E8600C3C76E /* XCRemoteSwiftPackageReference "KeychainAccess" */;
			productName = KeychainAccess;
		};
		A69F33C5292DC992005A5556 /* XMTP */ = {
			isa = XCSwiftPackageProductDependency;
			productName = XMTP;
		};
		A6AE5190297B625F006FDD0F /* XMTP */ = {
			isa = XCSwiftPackageProductDependency;
			productName = XMTP;
		};
		A6AE5193297B62C8006FDD0F /* KeychainAccess */ = {
			isa = XCSwiftPackageProductDependency;
			package = A65F0708297B5E8600C3C76E /* XCRemoteSwiftPackageReference "KeychainAccess" */;
			productName = KeychainAccess;
		};
/* End XCSwiftPackageProductDependency section */
	};
	rootObject = A6281987292DC825004B9117 /* Project object */;
}
