# THIS IS AN AUTOGENERATED FILE. DO NOT EDIT THIS FILE DIRECTLY.
# yarn lockfile v1


"@xmtp/wa-sqlite@^1.0.1":
  version "1.0.1"
  resolved "https://registry.yarnpkg.com/@xmtp/wa-sqlite/-/wa-sqlite-1.0.1.tgz#3ecab8cf3ea15386e3e1d152526d6190898f7529"
  integrity sha512-/MVsgo5HG7FVdMMNUKsf5HTIDnOncSK0ljrOBr+xqkfH6qonQwqmUsjcW2Z4GyyCIVvhQlxOSy+1W+7Z/WH0DA==
