PODS:
  - Flutter (1.0.0)
  - integration_test (0.0.1):
    - Flutter
  - xmtp_bindings_flutter (0.0.1-development.2)

DEPENDENCIES:
  - Flutter (from `Flutter`)
  - integration_test (from `.symlinks/plugins/integration_test/ios`)
  - xmtp_bindings_flutter (from `.symlinks/plugins/xmtp_bindings_flutter/ios`)

EXTERNAL SOURCES:
  Flutter:
    :path: Flutter
  integration_test:
    :path: ".symlinks/plugins/integration_test/ios"
  xmtp_bindings_flutter:
    :path: ".symlinks/plugins/xmtp_bindings_flutter/ios"

SPEC CHECKSUMS:
  Flutter: f04841e97a9d0b0a8025694d0796dd46242b2854
  integration_test: 13825b8a9334a850581300559b8839134b124670
  xmtp_bindings_flutter: b943df981fbfa9d28d422bfb1ae15b5686a53d10

PODFILE CHECKSUM: 70d9d25280d0dd177a5f637cdb0f0b0b12c6a189

COCOAPODS: 1.12.1
