# This file is generated by running "yarn install" inside your project.
# Manual changes might be lost - proceed with caution!

__metadata:
  version: 8
  cacheKey: 10

"@adraffy/ens-normalize@npm:1.10.0":
  version: 1.10.0
  resolution: "@adraffy/ens-normalize@npm:1.10.0"
  checksum: 10/5cdb5d2a9c9f8c0a71a7bb830967da0069cae1f1235cd41ae11147e4000f368f6958386e622cd4d52bf45c1ed3f8275056b387cba28902b83354e40ff323ecde
  languageName: node
  linkType: hard

"@napi-rs/cli@npm:^2.18.3":
  version: 2.18.3
  resolution: "@napi-rs/cli@npm:2.18.3"
  bin:
    napi: scripts/index.js
  checksum: 10/1400e14351f8315ef76f14dccdae4944b3755d9816d74a7d9e4fed5d634d28702493af7ea96d0297da114b88e952535f63c948887f4e1a8cfad189b5feccdec0
  languageName: node
  linkType: hard

"@noble/curves@npm:1.2.0, @noble/curves@npm:~1.2.0":
  version: 1.2.0
  resolution: "@noble/curves@npm:1.2.0"
  dependencies:
    "@noble/hashes": "npm:1.3.2"
  checksum: 10/94e02e9571a9fd42a3263362451849d2f54405cb3ce9fa7c45bc6b9b36dcd7d1d20e2e1e14cfded24937a13d82f1e60eefc4d7a14982ce0bc219a9fc0f51d1f9
  languageName: node
  linkType: hard

"@noble/hashes@npm:1.3.2":
  version: 1.3.2
  resolution: "@noble/hashes@npm:1.3.2"
  checksum: 10/685f59d2d44d88e738114b71011d343a9f7dce9dfb0a121f1489132f9247baa60bc985e5ec6f3213d114fbd1e1168e7294644e46cbd0ce2eba37994f28eeb51b
  languageName: node
  linkType: hard

"@noble/hashes@npm:~1.3.0, @noble/hashes@npm:~1.3.2":
  version: 1.3.3
  resolution: "@noble/hashes@npm:1.3.3"
  checksum: 10/1025ddde4d24630e95c0818e63d2d54ee131b980fe113312d17ed7468bc18f54486ac86c907685759f8a7e13c2f9b9e83ec7b67d1cc20836f36b5e4a65bb102d
  languageName: node
  linkType: hard

"@scure/base@npm:~1.1.0, @scure/base@npm:~1.1.2":
  version: 1.1.6
  resolution: "@scure/base@npm:1.1.6"
  checksum: 10/814fd1cce24f1e152751fabca2853d26aaa96ff8a9349c43d9aebc3b3d8ca88dd902966e1c289590a37f35d4c4436c6aedb1b386924b2909072045af4c3e9fe4
  languageName: node
  linkType: hard

"@scure/bip32@npm:1.3.2":
  version: 1.3.2
  resolution: "@scure/bip32@npm:1.3.2"
  dependencies:
    "@noble/curves": "npm:~1.2.0"
    "@noble/hashes": "npm:~1.3.2"
    "@scure/base": "npm:~1.1.2"
  checksum: 10/b90da28dfe75519496a85c97e77c9443734873910f32b8557762910a5c4e642290a462b0ed14fa42e0efed6acb9a7f6155ad5cb5d38d4ff87eb2de4760eb32a4
  languageName: node
  linkType: hard

"@scure/bip39@npm:1.2.1":
  version: 1.2.1
  resolution: "@scure/bip39@npm:1.2.1"
  dependencies:
    "@noble/hashes": "npm:~1.3.0"
    "@scure/base": "npm:~1.1.0"
  checksum: 10/2ea368bbed34d6b1701c20683bf465e147f231a9e37e639b8c82f585d6f978bb0f3855fca7ceff04954ae248b3e313f5d322d0210614fb7acb402739415aaf31
  languageName: node
  linkType: hard

"@xmtp/bindings-node@workspace:.":
  version: 0.0.0-use.local
  resolution: "@xmtp/bindings-node@workspace:."
  dependencies:
    "@napi-rs/cli": "npm:^2.18.3"
    viem: "npm:^2.11.1"
  languageName: unknown
  linkType: soft

"abitype@npm:1.0.0":
  version: 1.0.0
  resolution: "abitype@npm:1.0.0"
  peerDependencies:
    typescript: ">=5.0.4"
    zod: ^3 >=3.22.0
  peerDependenciesMeta:
    typescript:
      optional: true
    zod:
      optional: true
  checksum: 10/38c8d965c75c031854385f1c14da0410e271f1a8255332869a77a1ee836c4607420522c1f0077716c7ad7c4091f53c1b2681ed1d30b5161d1424fdb5a480f104
  languageName: node
  linkType: hard

"isows@npm:1.0.4":
  version: 1.0.4
  resolution: "isows@npm:1.0.4"
  peerDependencies:
    ws: "*"
  checksum: 10/a3ee62e3d6216abb3adeeb2a551fe2e7835eac87b05a6ecc3e7739259bf5f8e83290501f49e26137390c8093f207fc3378d4a7653aab76ad7bbab4b2dba9c5b9
  languageName: node
  linkType: hard

"viem@npm:^2.11.1":
  version: 2.11.1
  resolution: "viem@npm:2.11.1"
  dependencies:
    "@adraffy/ens-normalize": "npm:1.10.0"
    "@noble/curves": "npm:1.2.0"
    "@noble/hashes": "npm:1.3.2"
    "@scure/bip32": "npm:1.3.2"
    "@scure/bip39": "npm:1.2.1"
    abitype: "npm:1.0.0"
    isows: "npm:1.0.4"
    ws: "npm:8.13.0"
  peerDependencies:
    typescript: ">=5.0.4"
  peerDependenciesMeta:
    typescript:
      optional: true
  checksum: 10/1dc5d1455d006e5788e865e6e8a702e7dcf8cd2ca5cdfecc2dccf5886a579044fc8e0915f6a53e6a5db82e52f8660d6cf1d18dfcf75486fde6cea379d02cbb8b
  languageName: node
  linkType: hard

"ws@npm:8.13.0":
  version: 8.13.0
  resolution: "ws@npm:8.13.0"
  peerDependencies:
    bufferutil: ^4.0.1
    utf-8-validate: ">=5.0.2"
  peerDependenciesMeta:
    bufferutil:
      optional: true
    utf-8-validate:
      optional: true
  checksum: 10/1769532b6fdab9ff659f0b17810e7501831d34ecca23fd179ee64091dd93a51f42c59f6c7bb4c7a384b6c229aca8076fb312aa35626257c18081511ef62a161d
  languageName: node
  linkType: hard
